
Microsoft Visual Studio Solution File, Format Version 12.00
# Visual Studio Version 16
VisualStudioVersion = 16.0.31313.79
MinimumVisualStudioVersion = 10.0.40219.1
Project("{FAE04EC0-301F-11D3-BF4B-00C04F79EFBC}") = "Test_Application", "Test_Application.csproj", "{CB07EE7F-32A3-4FA4-93CF-93001B3178A9}"
EndProject
Global
	GlobalSection(SolutionConfigurationPlatforms) = preSolution
		Debug|Any CPU = Debug|Any CPU
		Release|Any CPU = Release|Any CPU
	EndGlobalSection
	GlobalSection(ProjectConfigurationPlatforms) = postSolution
		{CB07EE7F-32A3-4FA4-93CF-93001B3178A9}.Debug|Any CPU.ActiveCfg = Debug|Any CPU
		{CB07EE7F-32A3-4FA4-93CF-93001B3178A9}.Debug|Any CPU.Build.0 = Debug|Any CPU
		{CB07EE7F-32A3-4FA4-93CF-93001B3178A9}.Release|Any CPU.ActiveCfg = Release|Any CPU
		{CB07EE7F-32A3-4FA4-93CF-93001B3178A9}.Release|Any CPU.Build.0 = Release|Any CPU
	EndGlobalSection
	GlobalSection(SolutionProperties) = preSolution
		HideSolutionNode = FALSE
	EndGlobalSection
	GlobalSection(ExtensibilityGlobals) = postSolution
		SolutionGuid = {F5717917-6529-4678-8A4C-FA1FAE9D13F3}
	EndGlobalSection
EndGlobal
